<?xml version="1.0" encoding="utf-8"?>
<Project ToolsVersion="4.0" xmlns="http://schemas.microsoft.com/developer/msbuild/2003">
  <ItemGroup>
    <ClCompile Include="..\src\main.cpp">
      <Filter>src</Filter>
    </ClCompile>
    <ClCompile Include="..\src\PixelShader8.cpp">
      <Filter>src</Filter>
    </ClCompile>
  </ItemGroup>
  <ItemGroup>
    <ClInclude Include="..\src\resource.h">
      <Filter>src</Filter>
    </ClInclude>
    <ClInclude Include="..\src\PixelShader8.h">
      <Filter>src</Filter>
    </ClInclude>
    <ClInclude Include="..\src\VdjPlugin8.h">
      <Filter>src</Filter>
    </ClInclude>
    <ClInclude Include="..\src\VdjVideo8.h">
      <Filter>src</Filter>
    </ClInclude>
  </ItemGroup>
  <ItemGroup>
    <Filter Include="src">
      <UniqueIdentifier>{b2c91c54-db1a-48fd-a4e2-2e9acc8e3501}</UniqueIdentifier>
    </Filter>
    <Filter Include="src\Shaders">
      <UniqueIdentifier>{20a18865-d087-4697-944b-0f912b21f52d}</UniqueIdentifier>
    </Filter>
  </ItemGroup>
  <ItemGroup>
    <ResourceCompile Include="..\src\Plugin.rc">
      <Filter>src</Filter>
    </ResourceCompile>
  </ItemGroup>
  <ItemGroup>
    <FxCompile Include="..\src\Shaders\PixelsHide.hlsl">
      <Filter>src\Shaders</Filter>
    </FxCompile>
    <FxCompile Include="..\src\Shaders\CenterBlur.hlsl">
      <Filter>src\Shaders</Filter>
    </FxCompile>
    <FxCompile Include="..\src\Shaders\GrayScale.hlsl">
      <Filter>src\Shaders</Filter>
    </FxCompile>
    <FxCompile Include="..\src\Shaders\GBR.hlsl">
      <Filter>src\Shaders</Filter>
    </FxCompile>
    <FxCompile Include="..\src\Shaders\HighContrast.hlsl">
      <Filter>src\Shaders</Filter>
    </FxCompile>
    <FxCompile Include="..\src\Shaders\Negative.hlsl">
      <Filter>src\Shaders</Filter>
    </FxCompile>
    <FxCompile Include="..\src\Shaders\HorizontalMirror.hlsl">
      <Filter>src\Shaders</Filter>
    </FxCompile>
    <FxCompile Include="..\src\Shaders\Rotate180.hlsl">
      <Filter>src\Shaders</Filter>
    </FxCompile>
    <FxCompile Include="..\src\Shaders\ColorDistorsion.hlsl">
      <Filter>src\Shaders</Filter>
    </FxCompile>
    <FxCompile Include="..\src\Shaders\Mask.hlsl">
      <Filter>src\Shaders</Filter>
    </FxCompile>
    <FxCompile Include="..\src\Shaders\Sepia.hlsl">
      <Filter>src\Shaders</Filter>
    </FxCompile>
    <FxCompile Include="..\src\Shaders\Polarize.hlsl">
      <Filter>src\Shaders</Filter>
    </FxCompile>
    <FxCompile Include="..\src\Shaders\ColorSpace.hlsl">
      <Filter>src\Shaders</Filter>
    </FxCompile>
    <FxCompile Include="..\src\Shaders\VerticalMirror.hlsl">
      <Filter>src\Shaders</Filter>
    </FxCompile>
    <FxCompile Include="..\src\Shaders\Rotate.hlsl">
      <Filter>src\Shaders</Filter>
    </FxCompile>
    <FxCompile Include="..\src\Shaders\Wave.hlsl">
      <Filter>src\Shaders</Filter>
    </FxCompile>
    <FxCompile Include="..\src\Shaders\Ripple.hlsl">
      <Filter>src\Shaders</Filter>
    </FxCompile>
    <FxCompile Include="..\src\Shaders\EdgeDetection.hlsl">
      <Filter>src\Shaders</Filter>
    </FxCompile>
  </ItemGroup>
  <ItemGroup>
    <None Include="..\src\Shaders\CenterBlur.cso">
      <Filter>src\Shaders</Filter>
    </None>
    <None Include="..\src\Shaders\ColorDistorsion.cso">
      <Filter>src\Shaders</Filter>
    </None>
    <None Include="..\src\Shaders\GBR.cso">
      <Filter>src\Shaders</Filter>
    </None>
    <None Include="..\src\Shaders\GrayScale.cso">
      <Filter>src\Shaders</Filter>
    </None>
    <None Include="..\src\Shaders\HighContrast.cso">
      <Filter>src\Shaders</Filter>
    </None>
    <None Include="..\src\Shaders\HorizontalMirror.cso">
      <Filter>src\Shaders</Filter>
    </None>
    <None Include="..\src\Shaders\Negative.cso">
      <Filter>src\Shaders</Filter>
    </None>
    <None Include="..\src\Shaders\PixelsHide.cso">
      <Filter>src\Shaders</Filter>
    </None>
    <None Include="..\src\Shaders\Rotate180.cso">
      <Filter>src\Shaders</Filter>
    </None>
    <None Include="..\src\Shaders\Mask.cso">
      <Filter>src\Shaders</Filter>
    </None>
    <None Include="..\src\Shaders\Sepia.cso">
      <Filter>src\Shaders</Filter>
    </None>
    <None Include="..\src\Shaders\Polarize.cso">
      <Filter>src\Shaders</Filter>
    </None>
    <None Include="..\src\Shaders\ColorSpace.cso">
      <Filter>src\Shaders</Filter>
    </None>
    <None Include="..\src\Shaders\VerticalMirror.cso">
      <Filter>src\Shaders</Filter>
    </None>
    <None Include="..\src\Shaders\Rotate.cso">
      <Filter>src\Shaders</Filter>
    </None>
    <None Include="..\src\Shaders\Wave.cso">
      <Filter>src\Shaders</Filter>
    </None>
    <None Include="..\src\Shaders\Ripple.cso">
      <Filter>src\Shaders</Filter>
    </None>
    <None Include="..\src\Shaders\EdgeDetection.cso">
      <Filter>src\Shaders</Filter>
    </None>
  </ItemGroup>
</Project>